
Microsoft Visual Studio Solution File, Format Version 12.00
# Visual Studio 2013
VisualStudioVersion = 12.0.30723.0
MinimumVisualStudioVersion = 10.0.40219.1
Project("{FAE04EC0-301F-11D3-BF4B-00C04F79EFBC}") = "WebStart.NET - Client Code", "WebStart.NET - Client Code.csproj", "{DCEE05F3-1794-4E80-AB29-DAFFED1FDD75}"
EndProject
Project("{FAE04EC0-301F-11D3-BF4B-00C04F79EFBC}") = "WebStart.NET", "WebStart.NET\WebStart.NET.csproj", "{8CC6906A-5427-4FE7-80D8-7A3E08CC5EF6}"
EndProject
Global
	GlobalSection(SolutionConfigurationPlatforms) = preSolution
		Debug|Any CPU = Debug|Any CPU
		Release|Any CPU = Release|Any CPU
	EndGlobalSection
	GlobalSection(ProjectConfigurationPlatforms) = postSolution
		{DCEE05F3-1794-4E80-AB29-DAFFED1FDD75}.Debug|Any CPU.ActiveCfg = Debug|Any CPU
		{DCEE05F3-1794-4E80-AB29-DAFFED1FDD75}.Debug|Any CPU.Build.0 = Debug|Any CPU
		{DCEE05F3-1794-4E80-AB29-DAFFED1FDD75}.Release|Any CPU.ActiveCfg = Release|Any CPU
		{DCEE05F3-1794-4E80-AB29-DAFFED1FDD75}.Release|Any CPU.Build.0 = Release|Any CPU
		{8CC6906A-5427-4FE7-80D8-7A3E08CC5EF6}.Debug|Any CPU.ActiveCfg = Debug|Any CPU
		{8CC6906A-5427-4FE7-80D8-7A3E08CC5EF6}.Debug|Any CPU.Build.0 = Debug|Any CPU
		{8CC6906A-5427-4FE7-80D8-7A3E08CC5EF6}.Release|Any CPU.ActiveCfg = Release|Any CPU
		{8CC6906A-5427-4FE7-80D8-7A3E08CC5EF6}.Release|Any CPU.Build.0 = Release|Any CPU
	EndGlobalSection
	GlobalSection(SolutionProperties) = preSolution
		HideSolutionNode = FALSE
	EndGlobalSection
EndGlobal
